
Microsoft Visual Studio Solution File, Format Version 12.00
# Visual Studio Version 17
VisualStudioVersion = 17.4.33213.308
MinimumVisualStudioVersion = 10.0.40219.1
Project("{FAE04EC0-301F-11D3-BF4B-00C04F79EFBC}") = "EjerciciosRepaso1", "EjerciciosRepaso1\EjerciciosRepaso1.csproj", "{0A294415-221A-4766-8BAD-2F76C1BF7D12}"
EndProject
Global
	GlobalSection(SolutionConfigurationPlatforms) = preSolution
		Debug|Any CPU = Debug|Any CPU
		Release|Any CPU = Release|Any CPU
	EndGlobalSection
	GlobalSection(ProjectConfigurationPlatforms) = postSolution
		{0A294415-221A-4766-8BAD-2F76C1BF7D12}.Debug|Any CPU.ActiveCfg = Debug|Any CPU
		{0A294415-221A-4766-8BAD-2F76C1BF7D12}.Debug|Any CPU.Build.0 = Debug|Any CPU
		{0A294415-221A-4766-8BAD-2F76C1BF7D12}.Release|Any CPU.ActiveCfg = Release|Any CPU
		{0A294415-221A-4766-8BAD-2F76C1BF7D12}.Release|Any CPU.Build.0 = Release|Any CPU
	EndGlobalSection
	GlobalSection(SolutionProperties) = preSolution
		HideSolutionNode = FALSE
	EndGlobalSection
	GlobalSection(ExtensibilityGlobals) = postSolution
		SolutionGuid = {1F5092E8-B5B4-423B-8CA9-4F37CF8E278B}
	EndGlobalSection
EndGlobal
