
Microsoft Visual Studio Solution File, Format Version 12.00
# Visual Studio Version 17
VisualStudioVersion = 17.4.33213.308
MinimumVisualStudioVersion = 10.0.40219.1
Project("{FAE04EC0-301F-11D3-BF4B-00C04F79EFBC}") = "Front", "Front\Front.csproj", "{03F77D08-5604-4D7D-805F-5B145D8A0019}"
EndProject
Project("{FAE04EC0-301F-11D3-BF4B-00C04F79EFBC}") = "Back", "Back\Back.csproj", "{6E320AD7-2421-4D23-9C0F-CD0F75694AE6}"
EndProject
Global
	GlobalSection(SolutionConfigurationPlatforms) = preSolution
		Debug|Any CPU = Debug|Any CPU
		Release|Any CPU = Release|Any CPU
	EndGlobalSection
	GlobalSection(ProjectConfigurationPlatforms) = postSolution
		{03F77D08-5604-4D7D-805F-5B145D8A0019}.Debug|Any CPU.ActiveCfg = Debug|Any CPU
		{03F77D08-5604-4D7D-805F-5B145D8A0019}.Debug|Any CPU.Build.0 = Debug|Any CPU
		{03F77D08-5604-4D7D-805F-5B145D8A0019}.Release|Any CPU.ActiveCfg = Release|Any CPU
		{03F77D08-5604-4D7D-805F-5B145D8A0019}.Release|Any CPU.Build.0 = Release|Any CPU
		{6E320AD7-2421-4D23-9C0F-CD0F75694AE6}.Debug|Any CPU.ActiveCfg = Debug|Any CPU
		{6E320AD7-2421-4D23-9C0F-CD0F75694AE6}.Debug|Any CPU.Build.0 = Debug|Any CPU
		{6E320AD7-2421-4D23-9C0F-CD0F75694AE6}.Release|Any CPU.ActiveCfg = Release|Any CPU
		{6E320AD7-2421-4D23-9C0F-CD0F75694AE6}.Release|Any CPU.Build.0 = Release|Any CPU
	EndGlobalSection
	GlobalSection(SolutionProperties) = preSolution
		HideSolutionNode = FALSE
	EndGlobalSection
	GlobalSection(ExtensibilityGlobals) = postSolution
		SolutionGuid = {5B030225-791A-47D6-9766-2A9D494FFC2C}
	EndGlobalSection
EndGlobal
