
Microsoft Visual Studio Solution File, Format Version 12.00
# Visual Studio Version 17
VisualStudioVersion = 17.4.33213.308
MinimumVisualStudioVersion = 10.0.40219.1
Project("{FAE04EC0-301F-11D3-BF4B-00C04F79EFBC}") = "LogicaClases", "LogicaClases\LogicaClases.csproj", "{743D51A4-EA45-498E-9032-A0D1C1F83D51}"
EndProject
Project("{FAE04EC0-301F-11D3-BF4B-00C04F79EFBC}") = "App", "App\App.csproj", "{19D4DABA-0DAE-4929-9EBA-ACE36612C88E}"
EndProject
Global
	GlobalSection(SolutionConfigurationPlatforms) = preSolution
		Debug|Any CPU = Debug|Any CPU
		Release|Any CPU = Release|Any CPU
	EndGlobalSection
	GlobalSection(ProjectConfigurationPlatforms) = postSolution
		{743D51A4-EA45-498E-9032-A0D1C1F83D51}.Debug|Any CPU.ActiveCfg = Debug|Any CPU
		{743D51A4-EA45-498E-9032-A0D1C1F83D51}.Debug|Any CPU.Build.0 = Debug|Any CPU
		{743D51A4-EA45-498E-9032-A0D1C1F83D51}.Release|Any CPU.ActiveCfg = Release|Any CPU
		{743D51A4-EA45-498E-9032-A0D1C1F83D51}.Release|Any CPU.Build.0 = Release|Any CPU
		{19D4DABA-0DAE-4929-9EBA-ACE36612C88E}.Debug|Any CPU.ActiveCfg = Debug|Any CPU
		{19D4DABA-0DAE-4929-9EBA-ACE36612C88E}.Debug|Any CPU.Build.0 = Debug|Any CPU
		{19D4DABA-0DAE-4929-9EBA-ACE36612C88E}.Release|Any CPU.ActiveCfg = Release|Any CPU
		{19D4DABA-0DAE-4929-9EBA-ACE36612C88E}.Release|Any CPU.Build.0 = Release|Any CPU
	EndGlobalSection
	GlobalSection(SolutionProperties) = preSolution
		HideSolutionNode = FALSE
	EndGlobalSection
	GlobalSection(ExtensibilityGlobals) = postSolution
		SolutionGuid = {328DDB9C-EA6E-488E-86EC-B5D7A27F37CF}
	EndGlobalSection
EndGlobal
